
Microsoft Visual Studio Solution File, Format Version 12.00
# Visual Studio Version 17
VisualStudioVersion = 17.3.32922.545
MinimumVisualStudioVersion = 10.0.40219.1
Project("{9A19103F-16F7-4668-BE54-9A1E7A4F7556}") = "RedirectFilesUtilities", "RedirectFilesUtilities\RedirectFilesUtilities.csproj", "{65392264-21BB-4A8A-ACAD-1BEBDC86C4BC}"
EndProject
Project("{2150E333-8FDC-42A3-9474-1A3956D46DE8}") = "Solution Items", "Solution Items", "{A0ADD85C-8A5C-47D6-A550-86EDD721B813}"
	ProjectSection(SolutionItems) = preProject
		README.md = README.md
	EndProjectSection
EndProject
Global
	GlobalSection(SolutionConfigurationPlatforms) = preSolution
		Debug|Any CPU = Debug|Any CPU
		Release|Any CPU = Release|Any CPU
	EndGlobalSection
	GlobalSection(ProjectConfigurationPlatforms) = postSolution
		{65392264-21BB-4A8A-ACAD-1BEBDC86C4BC}.Debug|Any CPU.ActiveCfg = Debug|Any CPU
		{65392264-21BB-4A8A-ACAD-1BEBDC86C4BC}.Debug|Any CPU.Build.0 = Debug|Any CPU
		{65392264-21BB-4A8A-ACAD-1BEBDC86C4BC}.Release|Any CPU.ActiveCfg = Release|Any CPU
		{65392264-21BB-4A8A-ACAD-1BEBDC86C4BC}.Release|Any CPU.Build.0 = Release|Any CPU
	EndGlobalSection
	GlobalSection(SolutionProperties) = preSolution
		HideSolutionNode = FALSE
	EndGlobalSection
	GlobalSection(ExtensibilityGlobals) = postSolution
		SolutionGuid = {8E25633C-F172-4170-B502-1885E04EBA0E}
	EndGlobalSection
EndGlobal
